
Microsoft Visual Studio Solution File, Format Version 12.00
# Visual Studio 15
VisualStudioVersion = 15.0.26403.3
MinimumVisualStudioVersion = 10.0.40219.1
Project("{FAE04EC0-301F-11D3-BF4B-00C04F79EFBC}") = "specflow-browserstack", "specflow-browserstack\specflow-browserstack.csproj", "{1FACEDD6-01CF-4691-86F9-F668A731235E}"
EndProject
Global
	GlobalSection(SolutionConfigurationPlatforms) = preSolution
		Debug|Any CPU = Debug|Any CPU
		Release|Any CPU = Release|Any CPU
	EndGlobalSection
	GlobalSection(ProjectConfigurationPlatforms) = postSolution
		{1FACEDD6-01CF-4691-86F9-F668A731235E}.Debug|Any CPU.ActiveCfg = Debug|Any CPU
		{1FACEDD6-01CF-4691-86F9-F668A731235E}.Debug|Any CPU.Build.0 = Debug|Any CPU
		{1FACEDD6-01CF-4691-86F9-F668A731235E}.Release|Any CPU.ActiveCfg = Release|Any CPU
		{1FACEDD6-01CF-4691-86F9-F668A731235E}.Release|Any CPU.Build.0 = Release|Any CPU
	EndGlobalSection
	GlobalSection(SolutionProperties) = preSolution
		HideSolutionNode = FALSE
	EndGlobalSection
EndGlobal
